github.com/gographics/imagick v1.1.2 h1:WO5Wp5zYw6a9wYz9JoDKMIReggWyxtSaoL467pvCfIc=
github.com/gographics/imagick v3.2.0+incompatible h1:KeoHcmV7bVRKnj6tXTIcEGnyDg8kO0vPNUTC/5HzwOI=
github.com/gographics/imagick v3.2.0+incompatible/go.mod h1:gk55mrttmUSR+Vt6dxnxuD7EKU/3e5Ehe8HRGVCI8mw=
gopkg.in/gographics/imagick.v2 v2.5.0 h1:3wOeg/IgtagJtveISUaX9A3F/L/5PxaFHkAz5AzgbgA=
gopkg.in/gographics/imagick.v2 v2.5.0/go.mod h1:of4TbGX8yMcpgWkWFjha7FsOFr+NjOJ5O1qtKU27Yj0=
gopkg.in/gographics/imagick.v2 v2.6.0 h1:ewRsUQk3QkjGumERlndbFn/kTYRjyMaPY5gxwpuAhik=
gopkg.in/gographics/imagick.v2 v2.6.0/go.mod h1:/QVPLV/iKdNttRKthmDkeeGg+vdHurVEPc8zkU0XgBk=
gopkg.in/gographics/imagick.v3 v3.3.0 h1:MI9qkquiNDmrSGnTG2241GZqOUgEfR7KQpVsVLxiylk=
gopkg.in/gographics/imagick.v3 v3.3.0/go.mod h1:+Q9nyA2xRZXrDyTtJ/eko+8V/5E7bWYs08ndkZp8UmA=
